# THIS IS AN AUTOGENERATED FILE. DO NOT EDIT THIS FILE DIRECTLY.
# yarn lockfile v1


aws-cdk@2.158.0:
  version "2.158.0"
  resolved "https://registry.yarnpkg.com/aws-cdk/-/aws-cdk-2.158.0.tgz#eda1fae5db80f7b9e310719fa149c287f590c534"
  integrity sha512-UcrxBG02RACrnTvfuyZiTuOz8gqOpnqjCMTdVmdpExv5qk9hddhtRAubNaC4xleHuNJnvskYqqVW+Y3Abh6zGQ==
  optionalDependencies:
    fsevents "2.3.2"

cdk@^2.158.0:
  version "2.158.0"
  resolved "https://registry.yarnpkg.com/cdk/-/cdk-2.158.0.tgz#37b989e2a7d4ad65b6bc7b65718d842e6f779622"
  integrity sha512-/eIbslTYonAAFmnm5WePmDqW4BzHAZzjtt69JlmVXnvYGt/8uWaxwrDwROo8mMYHYhjC+W6qUEX0ORhNkafQIA==
  dependencies:
    aws-cdk "2.158.0"

fsevents@2.3.2:
  version "2.3.2"
  resolved "https://registry.yarnpkg.com/fsevents/-/fsevents-2.3.2.tgz#8a526f78b8fdf4623b709e0b975c52c24c02fd1a"
  integrity sha512-xiqMQR4xAeHTuB9uWm+fFRcIOgKBMiOBP+eXiyT7jsgVCq1bkVygt00oASowB7EdtpOHaaPgKt812P9ab+DDKA==
